
Microsoft Visual Studio Solution File, Format Version 12.00
# Visual Studio Version 17
VisualStudioVersion = 17.5.002.0
MinimumVisualStudioVersion = 10.0.40219.1
Project("{9A19103F-16F7-4668-BE54-9A1E7A4F7556}") = "19AI308-Object-Oriented-Programming-using-CSharp--Ex7---Hierarchical-Inheritance", "19AI308-Object-Oriented-Programming-using-CSharp--Ex7---Hierarchical-Inheritance.csproj", "{1B6E6DCE-7106-45AA-B96E-7FD69F19521F}"
EndProject
Global
	GlobalSection(SolutionConfigurationPlatforms) = preSolution
		Debug|Any CPU = Debug|Any CPU
		Release|Any CPU = Release|Any CPU
	EndGlobalSection
	GlobalSection(ProjectConfigurationPlatforms) = postSolution
		{1B6E6DCE-7106-45AA-B96E-7FD69F19521F}.Debug|Any CPU.ActiveCfg = Debug|Any CPU
		{1B6E6DCE-7106-45AA-B96E-7FD69F19521F}.Debug|Any CPU.Build.0 = Debug|Any CPU
		{1B6E6DCE-7106-45AA-B96E-7FD69F19521F}.Release|Any CPU.ActiveCfg = Release|Any CPU
		{1B6E6DCE-7106-45AA-B96E-7FD69F19521F}.Release|Any CPU.Build.0 = Release|Any CPU
	EndGlobalSection
	GlobalSection(SolutionProperties) = preSolution
		HideSolutionNode = FALSE
	EndGlobalSection
	GlobalSection(ExtensibilityGlobals) = postSolution
		SolutionGuid = {2234BEB5-B1CC-4F4B-9A8E-5C5120EB0380}
	EndGlobalSection
EndGlobal
